
Microsoft Visual Studio Solution File, Format Version 12.00
# Visual Studio Version 16
VisualStudioVersion = 16.0.32106.194
MinimumVisualStudioVersion = 10.0.40219.1
Project("{FAE04EC0-301F-11D3-BF4B-00C04F79EFBC}") = "Lab006", "Lab006\Lab006.csproj", "{FF771B65-728B-4497-A37F-632D1C1E1D69}"
EndProject
Global
	GlobalSection(SolutionConfigurationPlatforms) = preSolution
		Debug|Any CPU = Debug|Any CPU
		Release|Any CPU = Release|Any CPU
	EndGlobalSection
	GlobalSection(ProjectConfigurationPlatforms) = postSolution
		{FF771B65-728B-4497-A37F-632D1C1E1D69}.Debug|Any CPU.ActiveCfg = Debug|Any CPU
		{FF771B65-728B-4497-A37F-632D1C1E1D69}.Debug|Any CPU.Build.0 = Debug|Any CPU
		{FF771B65-728B-4497-A37F-632D1C1E1D69}.Release|Any CPU.ActiveCfg = Release|Any CPU
		{FF771B65-728B-4497-A37F-632D1C1E1D69}.Release|Any CPU.Build.0 = Release|Any CPU
	EndGlobalSection
	GlobalSection(SolutionProperties) = preSolution
		HideSolutionNode = FALSE
	EndGlobalSection
	GlobalSection(ExtensibilityGlobals) = postSolution
		SolutionGuid = {62C63546-158E-4563-AB4A-B6121ABC371C}
	EndGlobalSection
EndGlobal
